{
  "name": "plantare-maps-testes",
  "lockfileVersion": 3,
  "requires": true,
  "packages": {
    "": {
      "name": "plantare-maps-testes",
      "devDependencies": {
        "playwright-core": "^1.47.0"
      }
    },
    "node_modules/playwright-core": {
      "version": "1.63.0",
      "dev": true,
      "license": "Apache-2.0",
      "bin": {
        "playwright-core": "cli.js"
      },
      "engines": {
        "node": ">=20"
      }
    }
  }
}
